
Microsoft Visual Studio Solution File, Format Version 12.00
# Visual Studio 14
VisualStudioVersion = 14.0.25420.1
MinimumVisualStudioVersion = 10.0.40219.1
Project("{8BC9CEB8-8B4A-11D0-8D11-00A0C91BC942}") = "1", "1\1.vcxproj", "{EC679AF8-7A2A-4AC7-9B8A-C16E124BEFD7}"
EndProject
Project("{8BC9CEB8-8B4A-11D0-8D11-00A0C91BC942}") = "2", "2\2.vcxproj", "{026AE6AC-5074-45E2-A561-69D36EF7D4E7}"
EndProject
Project("{8BC9CEB8-8B4A-11D0-8D11-00A0C91BC942}") = "3", "3\3.vcxproj", "{2FB893E3-51E2-41DD-A435-15E1E1B6190D}"
EndProject
Project("{8BC9CEB8-8B4A-11D0-8D11-00A0C91BC942}") = "4", "4\4.vcxproj", "{0A98B8C7-E414-4142-AFF5-E087B904D78E}"
EndProject
Project("{FAE04EC0-301F-11D3-BF4B-00C04F79EFBC}") = "5", "5\5.csproj", "{FAF31B13-9B82-4DA2-A28A-15E6AD23B11A}"
EndProject
Global
	GlobalSection(SolutionConfigurationPlatforms) = preSolution
		Debug|Any CPU = Debug|Any CPU
		Debug|x64 = Debug|x64
		Debug|x86 = Debug|x86
		Release|Any CPU = Release|Any CPU
		Release|x64 = Release|x64
		Release|x86 = Release|x86
	EndGlobalSection
	GlobalSection(ProjectConfigurationPlatforms) = postSolution
		{EC679AF8-7A2A-4AC7-9B8A-C16E124BEFD7}.Debug|Any CPU.ActiveCfg = Debug|Win32
		{EC679AF8-7A2A-4AC7-9B8A-C16E124BEFD7}.Debug|x64.ActiveCfg = Debug|x64
		{EC679AF8-7A2A-4AC7-9B8A-C16E124BEFD7}.Debug|x64.Build.0 = Debug|x64
		{EC679AF8-7A2A-4AC7-9B8A-C16E124BEFD7}.Debug|x86.ActiveCfg = Debug|Win32
		{EC679AF8-7A2A-4AC7-9B8A-C16E124BEFD7}.Debug|x86.Build.0 = Debug|Win32
		{EC679AF8-7A2A-4AC7-9B8A-C16E124BEFD7}.Release|Any CPU.ActiveCfg = Release|Win32
		{EC679AF8-7A2A-4AC7-9B8A-C16E124BEFD7}.Release|x64.ActiveCfg = Release|x64
		{EC679AF8-7A2A-4AC7-9B8A-C16E124BEFD7}.Release|x64.Build.0 = Release|x64
		{EC679AF8-7A2A-4AC7-9B8A-C16E124BEFD7}.Release|x86.ActiveCfg = Release|Win32
		{EC679AF8-7A2A-4AC7-9B8A-C16E124BEFD7}.Release|x86.Build.0 = Release|Win32
		{026AE6AC-5074-45E2-A561-69D36EF7D4E7}.Debug|Any CPU.ActiveCfg = Debug|Win32
		{026AE6AC-5074-45E2-A561-69D36EF7D4E7}.Debug|x64.ActiveCfg = Debug|x64
		{026AE6AC-5074-45E2-A561-69D36EF7D4E7}.Debug|x64.Build.0 = Debug|x64
		{026AE6AC-5074-45E2-A561-69D36EF7D4E7}.Debug|x86.ActiveCfg = Debug|Win32
		{026AE6AC-5074-45E2-A561-69D36EF7D4E7}.Debug|x86.Build.0 = Debug|Win32
		{026AE6AC-5074-45E2-A561-69D36EF7D4E7}.Release|Any CPU.ActiveCfg = Release|Win32
		{026AE6AC-5074-45E2-A561-69D36EF7D4E7}.Release|x64.ActiveCfg = Release|x64
		{026AE6AC-5074-45E2-A561-69D36EF7D4E7}.Release|x64.Build.0 = Release|x64
		{026AE6AC-5074-45E2-A561-69D36EF7D4E7}.Release|x86.ActiveCfg = Release|Win32
		{026AE6AC-5074-45E2-A561-69D36EF7D4E7}.Release|x86.Build.0 = Release|Win32
		{2FB893E3-51E2-41DD-A435-15E1E1B6190D}.Debug|Any CPU.ActiveCfg = Debug|Win32
		{2FB893E3-51E2-41DD-A435-15E1E1B6190D}.Debug|x64.ActiveCfg = Debug|x64
		{2FB893E3-51E2-41DD-A435-15E1E1B6190D}.Debug|x64.Build.0 = Debug|x64
		{2FB893E3-51E2-41DD-A435-15E1E1B6190D}.Debug|x86.ActiveCfg = Debug|Win32
		{2FB893E3-51E2-41DD-A435-15E1E1B6190D}.Debug|x86.Build.0 = Debug|Win32
		{2FB893E3-51E2-41DD-A435-15E1E1B6190D}.Release|Any CPU.ActiveCfg = Release|Win32
		{2FB893E3-51E2-41DD-A435-15E1E1B6190D}.Release|x64.ActiveCfg = Release|x64
		{2FB893E3-51E2-41DD-A435-15E1E1B6190D}.Release|x64.Build.0 = Release|x64
		{2FB893E3-51E2-41DD-A435-15E1E1B6190D}.Release|x86.ActiveCfg = Release|Win32
		{2FB893E3-51E2-41DD-A435-15E1E1B6190D}.Release|x86.Build.0 = Release|Win32
		{0A98B8C7-E414-4142-AFF5-E087B904D78E}.Debug|Any CPU.ActiveCfg = Debug|Win32
		{0A98B8C7-E414-4142-AFF5-E087B904D78E}.Debug|x64.ActiveCfg = Debug|x64
		{0A98B8C7-E414-4142-AFF5-E087B904D78E}.Debug|x64.Build.0 = Debug|x64
		{0A98B8C7-E414-4142-AFF5-E087B904D78E}.Debug|x86.ActiveCfg = Debug|Win32
		{0A98B8C7-E414-4142-AFF5-E087B904D78E}.Debug|x86.Build.0 = Debug|Win32
		{0A98B8C7-E414-4142-AFF5-E087B904D78E}.Release|Any CPU.ActiveCfg = Release|Win32
		{0A98B8C7-E414-4142-AFF5-E087B904D78E}.Release|x64.ActiveCfg = Release|x64
		{0A98B8C7-E414-4142-AFF5-E087B904D78E}.Release|x64.Build.0 = Release|x64
		{0A98B8C7-E414-4142-AFF5-E087B904D78E}.Release|x86.ActiveCfg = Release|Win32
		{0A98B8C7-E414-4142-AFF5-E087B904D78E}.Release|x86.Build.0 = Release|Win32
		{FAF31B13-9B82-4DA2-A28A-15E6AD23B11A}.Debug|Any CPU.ActiveCfg = Debug|Any CPU
		{FAF31B13-9B82-4DA2-A28A-15E6AD23B11A}.Debug|Any CPU.Build.0 = Debug|Any CPU
		{FAF31B13-9B82-4DA2-A28A-15E6AD23B11A}.Debug|x64.ActiveCfg = Debug|Any CPU
		{FAF31B13-9B82-4DA2-A28A-15E6AD23B11A}.Debug|x64.Build.0 = Debug|Any CPU
		{FAF31B13-9B82-4DA2-A28A-15E6AD23B11A}.Debug|x86.ActiveCfg = Debug|Any CPU
		{FAF31B13-9B82-4DA2-A28A-15E6AD23B11A}.Debug|x86.Build.0 = Debug|Any CPU
		{FAF31B13-9B82-4DA2-A28A-15E6AD23B11A}.Release|Any CPU.ActiveCfg = Release|Any CPU
		{FAF31B13-9B82-4DA2-A28A-15E6AD23B11A}.Release|Any CPU.Build.0 = Release|Any CPU
		{FAF31B13-9B82-4DA2-A28A-15E6AD23B11A}.Release|x64.ActiveCfg = Release|Any CPU
		{FAF31B13-9B82-4DA2-A28A-15E6AD23B11A}.Release|x64.Build.0 = Release|Any CPU
		{FAF31B13-9B82-4DA2-A28A-15E6AD23B11A}.Release|x86.ActiveCfg = Release|Any CPU
		{FAF31B13-9B82-4DA2-A28A-15E6AD23B11A}.Release|x86.Build.0 = Release|Any CPU
	EndGlobalSection
	GlobalSection(SolutionProperties) = preSolution
		HideSolutionNode = FALSE
	EndGlobalSection
EndGlobal
